
Microsoft Visual Studio Solution File, Format Version 12.00
# Visual Studio Version 17
VisualStudioVersion = 17.14.36401.2 d17.14
MinimumVisualStudioVersion = 10.0.40219.1
Project("{FAE04EC0-301F-11D3-BF4B-00C04F79EFBC}") = "ImageProcessing", "ImageProcessing.csproj", "{D964BFC2-7424-48DB-86D3-233EA5123791}"
EndProject
Global
	GlobalSection(SolutionConfigurationPlatforms) = preSolution
		Debug|Any CPU = Debug|Any CPU
		Release|Any CPU = Release|Any CPU
	EndGlobalSection
	GlobalSection(ProjectConfigurationPlatforms) = postSolution
		{D964BFC2-7424-48DB-86D3-233EA5123791}.Debug|Any CPU.ActiveCfg = Debug|Any CPU
		{D964BFC2-7424-48DB-86D3-233EA5123791}.Debug|Any CPU.Build.0 = Debug|Any CPU
		{D964BFC2-7424-48DB-86D3-233EA5123791}.Release|Any CPU.ActiveCfg = Release|Any CPU
		{D964BFC2-7424-48DB-86D3-233EA5123791}.Release|Any CPU.Build.0 = Release|Any CPU
	EndGlobalSection
	GlobalSection(SolutionProperties) = preSolution
		HideSolutionNode = FALSE
	EndGlobalSection
	GlobalSection(ExtensibilityGlobals) = postSolution
		SolutionGuid = {5FC3368A-1D26-485C-BF16-9287F884083F}
	EndGlobalSection
EndGlobal
